dependencies:
- name: compaction-controller
  repository: file://./sub_charts/compaction-controller
  version: 0.1.0
- name: cron
  repository: file://./sub_charts/cron
  version: 0.1.0
- name: dataset-controller
  repository: file://./sub_charts/dataset-controller
  version: 0.1.0
- name: ingest-controller
  repository: file://./sub_charts/ingest-controller
  version: 0.1.0
- name: log-archival
  repository: file://./sub_charts/log-archival
  version: 0.1.0
- name: query-controller
  repository: file://./sub_charts/query-controller
  version: 0.1.0
- name: spark-manager
  repository: file://./sub_charts/spark-manager
  version: 0.1.0
- name: hive-and-hadoop
  repository: file://./sub_charts/hive-and-hadoop
  version: 0.1.0
- name: spark-history-server
  repository: file://./sub_charts/spark-history-server
  version: 1.4.3
digest: sha256:dddc0c07248ca70d261b081da136674b79047ad4aa973fe1a87cb1fce3f87e46
generated: "2021-06-11T08:26:20.107538636+05:30"
