dependencies:
- name: compaction-controller
  repository: file://./sub_charts/compaction-controller
  version: 0.1.0
- name: cron
  repository: file://./sub_charts/cron
  version: 0.1.0
- name: dataset-controller
  repository: file://./sub_charts/dataset-controller
  version: 0.1.0
- name: ingest-controller
  repository: file://./sub_charts/ingest-controller
  version: 0.1.0
- name: log-archival
  repository: file://./sub_charts/log-archival
  version: 0.1.0
- name: query-controller
  repository: file://./sub_charts/query-controller
  version: 0.1.0
- name: spark-manager
  repository: file://./sub_charts/spark-manager
  version: 0.1.0
- name: hive-and-hadoop
  repository: file://./sub_charts/hive-and-hadoop
  version: 0.1.0
- name: spark-history-server
  repository: file://./sub_charts/spark-history-server
  version: 1.4.3
digest: sha256:ac04a761f4363a2d81e27ea668ff77de8e099adb5a4b60c58afb76ec925764d9
generated: "2021-06-01T12:14:44.848706482+05:30"
