dependencies:
- name: redis
  repository: https://snappyflow.github.io/helm-charts/
  version: 0.2.8
- name: postgresql
  repository: https://snappyflow.github.io/helm-charts/
  version: 0.1.3
digest: sha256:3914362f60e1834b645ed2a119fd9c2fcad66ba3535ca33708bec031be4a3ec4
generated: "2021-06-18T12:56:37.499519523+05:30"
