dependencies:
- name: redis
  repository: https://snappyflow.github.io/helm-charts/
  version: 0.2.8
- name: postgresql
  repository: https://snappyflow.github.io/helm-charts/
  version: 0.1.4
digest: sha256:b6cf4221b42e73cb6e871f8efa62d33a4fc66ca41adea0bf0471bf07eb5b7bc5
generated: "2021-06-18T16:03:56.658673661+05:30"
