dependencies:
- name: redis
  repository: https://charts.bitnami.com/bitnami
  version: 10.7.1
- name: postgresql
  repository: https://charts.bitnami.com/bitnami
  version: 8.10.5
digest: sha256:fa6c00cb4884e5b3bd602d94e11cd9c72913bde9e23798cca8e49dc09331f3ca
generated: "2020-06-16T16:51:10.463916031+05:30"
