dependencies:
- name: redis
  repository: https://raw.githubusercontent.com/snappyflow/helm-charts/master
  version: 0.1.0
- name: postgresql
  repository: https://raw.githubusercontent.com/snappyflow/helm-charts/master
  version: 0.1.0
digest: sha256:c30bd829ec5851e4ad446dde6b958beef1f1f09b929ce248f204d78bcd04bbea
generated: "2020-08-04T14:52:38.221601359+05:30"
