dependencies:
- name: postgresql
  repository: https://raw.githubusercontent.com/snappyflow/helm-charts/master
  version: 0.1.0
- name: redis
  repository: https://raw.githubusercontent.com/snappyflow/helm-charts/master
  version: 0.1.0
digest: sha256:b5b090da02f3c66e630d1630127de3ae1b7d334dd63d4699218d818b751a092d
generated: "2020-07-29T16:05:21.01694725+05:30"
