dependencies:
- name: prometheus-adapter
  repository: file://./sub_charts/prometheus-adapter
  version: 2.5.0
- name: prometheus
  repository: file://./sub_charts/prometheus
  version: 11.11.0
digest: sha256:6daa577b68f0803736110af394147d75d60bbabf2da971704aa63469831308a3
generated: "2021-05-22T23:25:54.262059854+05:30"
