dependencies:
- name: redis
  repository: https://snappyflow.github.io/helm-charts/
  version: 0.2.6
- name: postgresql
  repository: https://snappyflow.github.io/helm-charts/
  version: 0.1.2
digest: sha256:a4c3e0eb01422afb0c042513109c4e026b83b4473415fcc9575abbc7aa7a3755
generated: "2020-09-02T22:53:30.966905602+05:30"
