dependencies:
- name: redis
  repository: https://raw.githubusercontent.com/snappyflow/helm-charts/master
  version: 0.2.1
- name: postgresql
  repository: https://raw.githubusercontent.com/snappyflow/helm-charts/master
  version: 0.1.0
digest: sha256:b662992bf13f0bf4922a4b817c9551c05fa9b1d9c741e8380b349e6bb821d179
generated: "2020-08-28T13:58:34.102518871Z"
